
Microsoft Visual Studio Solution File, Format Version 12.00
# Visual Studio 2012
Project("{E24C65DC-7377-472B-9ABA-BC803B73C61A}") = "Proyecto", "..\..\..\..\Desktop\Proyecto\", "{BEBB5C02-6960-45DC-98C0-E82A433859C3}"
	ProjectSection(WebsiteProperties) = preProject
		TargetFrameworkMoniker = ".NETFramework,Version%3Dv4.0"
		Debug.AspNetCompiler.VirtualPath = "/Proyecto"
		Debug.AspNetCompiler.PhysicalPath = "..\..\..\..\Desktop\Proyecto\"
		Debug.AspNetCompiler.TargetPath = "PrecompiledWeb\Proyecto\"
		Debug.AspNetCompiler.Updateable = "true"
		Debug.AspNetCompiler.ForceOverwrite = "true"
		Debug.AspNetCompiler.FixedNames = "false"
		Debug.AspNetCompiler.Debug = "True"
		Release.AspNetCompiler.VirtualPath = "/Proyecto"
		Release.AspNetCompiler.PhysicalPath = "..\..\..\..\Desktop\Proyecto\"
		Release.AspNetCompiler.TargetPath = "PrecompiledWeb\Proyecto\"
		Release.AspNetCompiler.Updateable = "true"
		Release.AspNetCompiler.ForceOverwrite = "true"
		Release.AspNetCompiler.FixedNames = "false"
		Release.AspNetCompiler.Debug = "False"
		VWDPort = "61216"
	EndProjectSection
EndProject
Global
	GlobalSection(SolutionConfigurationPlatforms) = preSolution
		Debug|Any CPU = Debug|Any CPU
	EndGlobalSection
	GlobalSection(ProjectConfigurationPlatforms) = postSolution
		{BEBB5C02-6960-45DC-98C0-E82A433859C3}.Debug|Any CPU.ActiveCfg = Debug|Any CPU
		{BEBB5C02-6960-45DC-98C0-E82A433859C3}.Debug|Any CPU.Build.0 = Debug|Any CPU
	EndGlobalSection
	GlobalSection(SolutionProperties) = preSolution
		HideSolutionNode = FALSE
	EndGlobalSection
EndGlobal
